github.com/veltylabs/appointment_booking v0.1.5 h1:zZATotxshVL+tvGTILVXurGBB6D7t9BMESmJ+NvSJXc=
github.com/veltylabs/appointment_booking v0.1.5/go.mod h1:N6IjZPdBkDkBtKrBAd2oowgFsaInFa0F4TK1g6benAI=
github.com/veltylabs/item_catalog v0.3.4 h1:ErpfOwEPqSOCL799g8nulSTHDdSBW3CL0DdihdC1UCE=
github.com/veltylabs/item_catalog v0.3.4/go.mod h1:CHUqKrf/zJ0jxYf9kEWGrs5bjLBGcdPWMyzvNcxPn6E=
github.com/veltylabs/work_schedule v0.1.4 h1:3vhOB7U+HaMH+ZXy7VoeTqNnPjgpsRGuOCXcFFNtfaw=
github.com/veltylabs/work_schedule v0.1.4/go.mod h1:aLqFMqnGd0KQbWowrDQqq0ioAUfhWgV1V7DB7dOh4kk=
webtyp.com/color v0.1.2 h1:PN2vx9jtlwFsu2juQoaj0GEJMY/ex3fQDcop20V8+ik=
webtyp.com/color v0.1.2/go.mod h1:p5n4e0KRiPavkkQajtQKoMAU7C+1yx86AZlzMWTJhC8=
webtyp.com/components v0.6.28 h1:rHmUoMnA8kvbEu27GvRPC0lWZYeBwAX/9sCtdl87acY=
webtyp.com/components v0.6.28/go.mod h1:FbJm+fSTVoglWgJpFRfIqWYvFVDZ4foW0VhUM4dc5W4=
webtyp.com/css v0.4.22 h1:d1Wc04mCf83oSfPq3ifrDdQMRumiAFK6F7QfRwQudOc=
webtyp.com/css v0.4.22/go.mod h1:qbi0OpxKohFtrEzMCFmcM8w1LaLGSd+Nlw+LzLSNZhU=
webtyp.com/date v0.0.7 h1:b4+4I2BHTGHmZocoOJtQ+poZt3jPaKvvRpmBP1SZ8dY=
webtyp.com/date v0.0.7/go.mod h1:fAoR0H0V1lNUp7ubtXkKMPw1qMyQcccDONRTanw57GU=
webtyp.com/ddl v0.0.15 h1:8E1M8W09sG+kILT+cvMThAU+/ZO7rqTd7Fd1v3YYmB0=
webtyp.com/ddl v0.0.15/go.mod h1:X5q0n8KY1iw+QkpyLPFZk11b665TUVdpQTd0IpQFbVk=
webtyp.com/dom v0.13.16 h1:cTR2TJXwTzlI0QsYLg0C0LnORPHMkGkDiNszGH/n6Nk=
webtyp.com/dom v0.13.16/go.mod h1:p7Vl/6A0VR3GU+NHR4Ggn0oTnRRBPUZ9+RziR5tDB4Q=
webtyp.com/events v0.0.5 h1:FZDdUDm/QocRpEfENZ0LTU6R+Rj4LBwXfPLcycUPW5o=
webtyp.com/events v0.0.5/go.mod h1:r+ZG3Robb7hq3+vJFv9btYtEg8AHpLrV9MHc4VVddQo=
webtyp.com/fmt v1.0.0 h1:W0vMMGC6ezg1q2LarAEaVnNvZ26hVqzZdQQH1wcNogM=
webtyp.com/fmt v1.0.0/go.mod h1:FmTxx713R45J21kbH5JOmKGaaCap3fJPA9Yl2n4Ch7U=
webtyp.com/font v0.0.5 h1:EqjnVf8PPdRo4e+dRBBv+HaUqi0IeZjjNwsKexfqyIk=
webtyp.com/font v0.0.5/go.mod h1:N/3YKN5z5qlVGVFM7Rdc4iOG2Yba+EOru/bzKJARaCM=
webtyp.com/form v0.4.13 h1:CAC9SUm9WlxiXUenOCxHoTw0gEmbZo4QTLaJfc9YRp8=
webtyp.com/form v0.4.13/go.mod h1:cg3Lt6JxcYdwi1OEKTZ8qqk/L27MRzXasrLhOVzFRVc=
webtyp.com/html v0.0.24 h1:58YMjhVNLKrFTxaRPJKrdUhdvGQLFZB2gQebPapz06w=
webtyp.com/html v0.0.24/go.mod h1:unUq73nowv5Ok0yFXU6ykpgKn4htxOGEMm5bQsQ0ssE=
webtyp.com/icons v0.0.7 h1:1kKnZglx82UfhX7LiDOKyPZ2M5lRv4/7tc584/JalLE=
webtyp.com/icons v0.0.7/go.mod h1:8RSiyDNs+uVAYLujTsKF9LyRAcARQfORQUlfCVOnc9E=
webtyp.com/input v0.0.9 h1:M9Ccd0YtaqPuLZI2LeuVZfl1NyA3i4VvSUFBQWfRz8s=
webtyp.com/input v0.0.9/go.mod h1:G4oOhJLm3Lvp4JVIhMs0LzGnFM0GC+b7rbmS15djQ2I=
webtyp.com/json v0.5.25 h1:f/JUsrtFGq4Sa/UGYI0lWHyY83V+r0li+Q89s3DkqZs=
webtyp.com/json v0.5.25/go.mod h1:KdFRztDe6ZwGP/ih0DR8grO72ru9h1DjZcG1UU5fRrM=
webtyp.com/layout v0.2.37 h1:fWShIL1+uniPt3qrJb8r8T0HB2s8mm5MgbfQC+eMEoM=
webtyp.com/layout v0.2.37/go.mod h1:6K+ooiN4VCZ/jgdyDxG5Akc1E2lG8cDkiUTAx5eD+Io=
webtyp.com/model v0.1.9 h1:XpkNiIQbIVaFrbh4E/UqdIutHFNA92//KSP4M/owaSQ=
webtyp.com/model v0.1.9/go.mod h1:OkyYeE3GOG8eAQGhd9wVsORAhr+xYj3q8avpoGXG25c=
webtyp.com/orm v0.12.3 h1:/bRvGInEP5h1SuUA293qOa2BLjliOfabvF6AVHdHCOc=
webtyp.com/orm v0.12.3/go.mod h1:aad8/2kEG1kN3Pnwy8Hd/CxI/bXXV+xnXYlqcyRm82Y=
webtyp.com/router v0.1.37 h1:2fgDfPZfLrSYxoBl2OFN1+D6+1LuN5/1YDKgwauwYn8=
webtyp.com/router v0.1.37/go.mod h1:kLFuWaeLtgZhRbfhzn+KRQuuLGa3OMVZbG4+hB3gAsI=
webtyp.com/storage v0.0.8 h1:yc4z9/67RxxLVfMBam7pVrQOF9AQYaKnUcx693Nj3qw=
webtyp.com/storage v0.0.8/go.mod h1:CjNQUZR19Rczs5G8BO886jYKWf5LBNyJKVK7oostqpQ=
webtyp.com/svg v0.3.14 h1:o7jOv6LaZQJpjkESHxMcsMccc11dvLQRvrG5xc9vG8g=
webtyp.com/svg v0.3.14/go.mod h1:ro5kMrbLOtwWtorrBnlORRsATY6JWmG9AVZgnzrGTSU=
webtyp.com/time v0.5.6 h1:tvCPy2b01ZJNhaM7XYB5Ta+07rHbB9a2LZnAphg+zoQ=
webtyp.com/time v0.5.6/go.mod h1:V6ew493Rk+an2mV77vVjytPAbtlsELVZ4O4wGqu4tUI=
webtyp.com/unixid v0.2.28 h1:uIZb9zRLQtR4BOsBtJfyI2OcYklCeo1nrRaGqzVXQ9s=
webtyp.com/unixid v0.2.28/go.mod h1:/3O8fu/eCARIrnT6WMu9MpLsAXKdfnVI3s35+m/CbY4=
webtyp.com/view v0.5.10 h1:/N+egvI64uwVD5fIbV0BB/v32H48RnYs//s3yDXlqrk=
webtyp.com/view v0.5.10/go.mod h1:1KPEugG3TOLn86XGgJGsQN334cPGylBARm+qJ2/spnc=
webtyp.com/widget v0.6.30 h1:CstDzI005vsTHJpdYBaqmuB/7Oq5emubljFLlI+n0xo=
webtyp.com/widget v0.6.30/go.mod h1:vcf+uuV5gXNji31NhQ4xW3fDji70Ui4XikjW1VV32eQ=
